// !$*UTF8*$!
{
	archiveVersion = 1;
	classes = {
	};
	objectVersion = 56;
	objects = {

/* Begin PBXBuildFile section */
		CADDFD9E2A225A9500F8C9A6 /* AppDelegate.swift in Sources */ = {isa = PBXBuildFile; fileRef = CADDFD9D2A225A9500F8C9A6 /* AppDelegate.swift */; };
		CADDFDA02A225A9500F8C9A6 /* SceneDelegate.swift in Sources */ = {isa = PBXBuildFile; fileRef = CADDFD9F2A225A9500F8C9A6 /* SceneDelegate.swift */; };
		CADDFDA22A225A9500F8C9A6 /* RMTabViewController.swift in Sources */ = {isa = PBXBuildFile; fileRef = CADDFDA12A225A9500F8C9A6 /* RMTabViewController.swift */; };
		CADDFDA72A225A9500F8C9A6 /* Assets.xcassets in Resources */ = {isa = PBXBuildFile; fileRef = CADDFDA62A225A9500F8C9A6 /* Assets.xcassets */; };
		CADDFDAA2A225A9500F8C9A6 /* LaunchScreen.storyboard in Resources */ = {isa = PBXBuildFile; fileRef = CADDFDA82A225A9500F8C9A6 /* LaunchScreen.storyboard */; };
		CADDFDB82A225CC200F8C9A6 /* RMLocation.swift in Sources */ = {isa = PBXBuildFile; fileRef = CADDFDB72A225CC200F8C9A6 /* RMLocation.swift */; };
		CADDFDBA2A225CD400F8C9A6 /* RMCharacter.swift in Sources */ = {isa = PBXBuildFile; fileRef = CADDFDB92A225CD400F8C9A6 /* RMCharacter.swift */; };
		CADDFDBC2A225CE700F8C9A6 /* RMEpisode.swift in Sources */ = {isa = PBXBuildFile; fileRef = CADDFDBB2A225CE700F8C9A6 /* RMEpisode.swift */; };
		CADDFDBF2A225D5E00F8C9A6 /* RMLocationViewController.swift in Sources */ = {isa = PBXBuildFile; fileRef = CADDFDBE2A225D5E00F8C9A6 /* RMLocationViewController.swift */; };
		CADDFDC12A225D7000F8C9A6 /* RMEpisodeViewController.swift in Sources */ = {isa = PBXBuildFile; fileRef = CADDFDC02A225D7000F8C9A6 /* RMEpisodeViewController.swift */; };
		CADDFDC32A225DB300F8C9A6 /* RMCharacterViewController.swift in Sources */ = {isa = PBXBuildFile; fileRef = CADDFDC22A225DB300F8C9A6 /* RMCharacterViewController.swift */; };
		CADDFDC52A225DC100F8C9A6 /* RMSettingsViewController.swift in Sources */ = {isa = PBXBuildFile; fileRef = CADDFDC42A225DC100F8C9A6 /* RMSettingsViewController.swift */; };
/* End PBXBuildFile section */

/* Begin PBXFileReference section */
		CADDFD9A2A225A9500F8C9A6 /* RickAndMorty.app */ = {isa = PBXFileReference; explicitFileType = wrapper.application; includeInIndex = 0; path = RickAndMorty.app; sourceTree = BUILT_PRODUCTS_DIR; };
		CADDFD9D2A225A9500F8C9A6 /* AppDelegate.swift */ = {isa = PBXFileReference; lastKnownFileType = sourcecode.swift; path = AppDelegate.swift; sourceTree = "<group>"; };
		CADDFD9F2A225A9500F8C9A6 /* SceneDelegate.swift */ = {isa = PBXFileReference; lastKnownFileType = sourcecode.swift; path = SceneDelegate.swift; sourceTree = "<group>"; };
		CADDFDA12A225A9500F8C9A6 /* RMTabViewController.swift */ = {isa = PBXFileReference; lastKnownFileType = sourcecode.swift; path = RMTabViewController.swift; sourceTree = "<group>"; };
		CADDFDA62A225A9500F8C9A6 /* Assets.xcassets */ = {isa = PBXFileReference; lastKnownFileType = folder.assetcatalog; path = Assets.xcassets; sourceTree = "<group>"; };
		CADDFDA92A225A9500F8C9A6 /* Base */ = {isa = PBXFileReference; lastKnownFileType = file.storyboard; name = Base; path = Base.lproj/LaunchScreen.storyboard; sourceTree = "<group>"; };
		CADDFDAB2A225A9500F8C9A6 /* Info.plist */ = {isa = PBXFileReference; lastKnownFileType = text.plist.xml; path = Info.plist; sourceTree = "<group>"; };
		CADDFDB72A225CC200F8C9A6 /* RMLocation.swift */ = {isa = PBXFileReference; lastKnownFileType = sourcecode.swift; path = RMLocation.swift; sourceTree = "<group>"; };
		CADDFDB92A225CD400F8C9A6 /* RMCharacter.swift */ = {isa = PBXFileReference; lastKnownFileType = sourcecode.swift; path = RMCharacter.swift; sourceTree = "<group>"; };
		CADDFDBB2A225CE700F8C9A6 /* RMEpisode.swift */ = {isa = PBXFileReference; lastKnownFileType = sourcecode.swift; path = RMEpisode.swift; sourceTree = "<group>"; };
		CADDFDBE2A225D5E00F8C9A6 /* RMLocationViewController.swift */ = {isa = PBXFileReference; lastKnownFileType = sourcecode.swift; path = RMLocationViewController.swift; sourceTree = "<group>"; };
		CADDFDC02A225D7000F8C9A6 /* RMEpisodeViewController.swift */ = {isa = PBXFileReference; lastKnownFileType = sourcecode.swift; path = RMEpisodeViewController.swift; sourceTree = "<group>"; };
		CADDFDC22A225DB300F8C9A6 /* RMCharacterViewController.swift */ = {isa = PBXFileReference; lastKnownFileType = sourcecode.swift; path = RMCharacterViewController.swift; sourceTree = "<group>"; };
		CADDFDC42A225DC100F8C9A6 /* RMSettingsViewController.swift */ = {isa = PBXFileReference; lastKnownFileType = sourcecode.swift; path = RMSettingsViewController.swift; sourceTree = "<group>"; };
/* End PBXFileReference section */

/* Begin PBXFrameworksBuildPhase section */
		CADDFD972A225A9500F8C9A6 /* Frameworks */ = {
			isa = PBXFrameworksBuildPhase;
			buildActionMask = 2147483647;
			files = (
			);
			runOnlyForDeploymentPostprocessing = 0;
		};
/* End PBXFrameworksBuildPhase section */

/* Begin PBXGroup section */
		CADDFD912A225A9500F8C9A6 = {
			isa = PBXGroup;
			children = (
				CADDFD9C2A225A9500F8C9A6 /* RickAndMorty */,
				CADDFD9B2A225A9500F8C9A6 /* Products */,
			);
			sourceTree = "<group>";
		};
		CADDFD9B2A225A9500F8C9A6 /* Products */ = {
			isa = PBXGroup;
			children = (
				CADDFD9A2A225A9500F8C9A6 /* RickAndMorty.app */,
			);
			name = Products;
			sourceTree = "<group>";
		};
		CADDFD9C2A225A9500F8C9A6 /* RickAndMorty */ = {
			isa = PBXGroup;
			children = (
				CADDFDB62A225BEC00F8C9A6 /* Resources */,
				CADDFDB52A225BE100F8C9A6 /* APIClient */,
				CADDFDB42A225BD800F8C9A6 /* ViewModels */,
				CADDFDB32A225BD100F8C9A6 /* Views */,
				CADDFDB22A225BC900F8C9A6 /* Models */,
				CADDFDB12A225BBB00F8C9A6 /* Controller */,
				CADDFDAB2A225A9500F8C9A6 /* Info.plist */,
			);
			path = RickAndMorty;
			sourceTree = "<group>";
		};
		CADDFDB12A225BBB00F8C9A6 /* Controller */ = {
			isa = PBXGroup;
			children = (
				CADDFDBD2A225D1E00F8C9A6 /* Core */,
			);
			path = Controller;
			sourceTree = "<group>";
		};
		CADDFDB22A225BC900F8C9A6 /* Models */ = {
			isa = PBXGroup;
			children = (
				CADDFDB72A225CC200F8C9A6 /* RMLocation.swift */,
				CADDFDB92A225CD400F8C9A6 /* RMCharacter.swift */,
				CADDFDBB2A225CE700F8C9A6 /* RMEpisode.swift */,
			);
			path = Models;
			sourceTree = "<group>";
		};
		CADDFDB32A225BD100F8C9A6 /* Views */ = {
			isa = PBXGroup;
			children = (
			);
			path = Views;
			sourceTree = "<group>";
		};
		CADDFDB42A225BD800F8C9A6 /* ViewModels */ = {
			isa = PBXGroup;
			children = (
			);
			path = ViewModels;
			sourceTree = "<group>";
		};
		CADDFDB52A225BE100F8C9A6 /* APIClient */ = {
			isa = PBXGroup;
			children = (
			);
			path = APIClient;
			sourceTree = "<group>";
		};
		CADDFDB62A225BEC00F8C9A6 /* Resources */ = {
			isa = PBXGroup;
			children = (
				CADDFD9D2A225A9500F8C9A6 /* AppDelegate.swift */,
				CADDFD9F2A225A9500F8C9A6 /* SceneDelegate.swift */,
				CADDFDA62A225A9500F8C9A6 /* Assets.xcassets */,
				CADDFDA82A225A9500F8C9A6 /* LaunchScreen.storyboard */,
			);
			path = Resources;
			sourceTree = "<group>";
		};
		CADDFDBD2A225D1E00F8C9A6 /* Core */ = {
			isa = PBXGroup;
			children = (
				CADDFDA12A225A9500F8C9A6 /* RMTabViewController.swift */,
				CADDFDBE2A225D5E00F8C9A6 /* RMLocationViewController.swift */,
				CADDFDC02A225D7000F8C9A6 /* RMEpisodeViewController.swift */,
				CADDFDC22A225DB300F8C9A6 /* RMCharacterViewController.swift */,
				CADDFDC42A225DC100F8C9A6 /* RMSettingsViewController.swift */,
			);
			path = Core;
			sourceTree = "<group>";
		};
/* End PBXGroup section */

/* Begin PBXNativeTarget section */
		CADDFD992A225A9500F8C9A6 /* RickAndMorty */ = {
			isa = PBXNativeTarget;
			buildConfigurationList = CADDFDAE2A225A9500F8C9A6 /* Build configuration list for PBXNativeTarget "RickAndMorty" */;
			buildPhases = (
				CADDFD962A225A9500F8C9A6 /* Sources */,
				CADDFD972A225A9500F8C9A6 /* Frameworks */,
				CADDFD982A225A9500F8C9A6 /* Resources */,
			);
			buildRules = (
			);
			dependencies = (
			);
			name = RickAndMorty;
			productName = RickAndMorty;
			productReference = CADDFD9A2A225A9500F8C9A6 /* RickAndMorty.app */;
			productType = "com.apple.product-type.application";
		};
/* End PBXNativeTarget section */

/* Begin PBXProject section */
		CADDFD922A225A9500F8C9A6 /* Project object */ = {
			isa = PBXProject;
			attributes = {
				BuildIndependentTargetsInParallel = 1;
				LastSwiftUpdateCheck = 1400;
				LastUpgradeCheck = 1400;
				TargetAttributes = {
					CADDFD992A225A9500F8C9A6 = {
						CreatedOnToolsVersion = 14.0.1;
					};
				};
			};
			buildConfigurationList = CADDFD952A225A9500F8C9A6 /* Build configuration list for PBXProject "RickAndMorty" */;
			compatibilityVersion = "Xcode 14.0";
			developmentRegion = en;
			hasScannedForEncodings = 0;
			knownRegions = (
				en,
				Base,
			);
			mainGroup = CADDFD912A225A9500F8C9A6;
			productRefGroup = CADDFD9B2A225A9500F8C9A6 /* Products */;
			projectDirPath = "";
			projectRoot = "";
			targets = (
				CADDFD992A225A9500F8C9A6 /* RickAndMorty */,
			);
		};
/* End PBXProject section */

/* Begin PBXResourcesBuildPhase section */
		CADDFD982A225A9500F8C9A6 /* Resources */ = {
			isa = PBXResourcesBuildPhase;
			buildActionMask = 2147483647;
			files = (
				CADDFDAA2A225A9500F8C9A6 /* LaunchScreen.storyboard in Resources */,
				CADDFDA72A225A9500F8C9A6 /* Assets.xcassets in Resources */,
			);
			runOnlyForDeploymentPostprocessing = 0;
		};
/* End PBXResourcesBuildPhase section */

/* Begin PBXSourcesBuildPhase section */
		CADDFD962A225A9500F8C9A6 /* Sources */ = {
			isa = PBXSourcesBuildPhase;
			buildActionMask = 2147483647;
			files = (
				CADDFDBC2A225CE700F8C9A6 /* RMEpisode.swift in Sources */,
				CADDFDC32A225DB300F8C9A6 /* RMCharacterViewController.swift in Sources */,
				CADDFDA22A225A9500F8C9A6 /* RMTabViewController.swift in Sources */,
				CADDFDBF2A225D5E00F8C9A6 /* RMLocationViewController.swift in Sources */,
				CADDFD9E2A225A9500F8C9A6 /* AppDelegate.swift in Sources */,
				CADDFDBA2A225CD400F8C9A6 /* RMCharacter.swift in Sources */,
				CADDFDC52A225DC100F8C9A6 /* RMSettingsViewController.swift in Sources */,
				CADDFDA02A225A9500F8C9A6 /* SceneDelegate.swift in Sources */,
				CADDFDB82A225CC200F8C9A6 /* RMLocation.swift in Sources */,
				CADDFDC12A225D7000F8C9A6 /* RMEpisodeViewController.swift in Sources */,
			);
			runOnlyForDeploymentPostprocessing = 0;
		};
/* End PBXSourcesBuildPhase section */

/* Begin PBXVariantGroup section */
		CADDFDA82A225A9500F8C9A6 /* LaunchScreen.storyboard */ = {
			isa = PBXVariantGroup;
			children = (
				CADDFDA92A225A9500F8C9A6 /* Base */,
			);
			name = LaunchScreen.storyboard;
			sourceTree = "<group>";
		};
/* End PBXVariantGroup section */

/* Begin XCBuildConfiguration section */
		CADDFDAC2A225A9500F8C9A6 /* Debug */ = {
			isa = XCBuildConfiguration;
			buildSettings = {
				ALWAYS_SEARCH_USER_PATHS = NO;
				CLANG_ANALYZER_NONNULL = YES;
				CLANG_ANALYZER_NUMBER_OBJECT_CONVERSION = YES_AGGRESSIVE;
				CLANG_CXX_LANGUAGE_STANDARD = "gnu++20";
				CLANG_ENABLE_MODULES = YES;
				CLANG_ENABLE_OBJC_ARC = YES;
				CLANG_ENABLE_OBJC_WEAK = YES;
				CLANG_WARN_BLOCK_CAPTURE_AUTORELEASING = YES;
				CLANG_WARN_BOOL_CONVERSION = YES;
				CLANG_WARN_COMMA = YES;
				CLANG_WARN_CONSTANT_CONVERSION = YES;
				CLANG_WARN_DEPRECATED_OBJC_IMPLEMENTATIONS = YES;
				CLANG_WARN_DIRECT_OBJC_ISA_USAGE = YES_ERROR;
				CLANG_WARN_DOCUMENTATION_COMMENTS = YES;
				CLANG_WARN_EMPTY_BODY = YES;
				CLANG_WARN_ENUM_CONVERSION = YES;
				CLANG_WARN_INFINITE_RECURSION = YES;
				CLANG_WARN_INT_CONVERSION = YES;
				CLANG_WARN_NON_LITERAL_NULL_CONVERSION = YES;
				CLANG_WARN_OBJC_IMPLICIT_RETAIN_SELF = YES;
				CLANG_WARN_OBJC_LITERAL_CONVERSION = YES;
				CLANG_WARN_OBJC_ROOT_CLASS = YES_ERROR;
				CLANG_WARN_QUOTED_INCLUDE_IN_FRAMEWORK_HEADER = YES;
				CLANG_WARN_RANGE_LOOP_ANALYSIS = YES;
				CLANG_WARN_STRICT_PROTOTYPES = YES;
				CLANG_WARN_SUSPICIOUS_MOVE = YES;
				CLANG_WARN_UNGUARDED_AVAILABILITY = YES_AGGRESSIVE;
				CLANG_WARN_UNREACHABLE_CODE = YES;
				CLANG_WARN__DUPLICATE_METHOD_MATCH = YES;
				COPY_PHASE_STRIP = NO;
				DEBUG_INFORMATION_FORMAT = dwarf;
				ENABLE_STRICT_OBJC_MSGSEND = YES;
				ENABLE_TESTABILITY = YES;
				GCC_C_LANGUAGE_STANDARD = gnu11;
				GCC_DYNAMIC_NO_PIC = NO;
				GCC_NO_COMMON_BLOCKS = YES;
				GCC_OPTIMIZATION_LEVEL = 0;
				GCC_PREPROCESSOR_DEFINITIONS = (
					"DEBUG=1",
					"$(inherited)",
				);
				GCC_WARN_64_TO_32_BIT_CONVERSION = YES;
				GCC_WARN_ABOUT_RETURN_TYPE = YES_ERROR;
				GCC_WARN_UNDECLARED_SELECTOR = YES;
				GCC_WARN_UNINITIALIZED_AUTOS = YES_AGGRESSIVE;
				GCC_WARN_UNUSED_FUNCTION = YES;
				GCC_WARN_UNUSED_VARIABLE = YES;
				IPHONEOS_DEPLOYMENT_TARGET = 16.0;
				MTL_ENABLE_DEBUG_INFO = INCLUDE_SOURCE;
				MTL_FAST_MATH = YES;
				ONLY_ACTIVE_ARCH = YES;
				SDKROOT = iphoneos;
				SWIFT_ACTIVE_COMPILATION_CONDITIONS = DEBUG;
				SWIFT_OPTIMIZATION_LEVEL = "-Onone";
			};
			name = Debug;
		};
		CADDFDAD2A225A9500F8C9A6 /* Release */ = {
			isa = XCBuildConfiguration;
			buildSettings = {
				ALWAYS_SEARCH_USER_PATHS = NO;
				CLANG_ANALYZER_NONNULL = YES;
				CLANG_ANALYZER_NUMBER_OBJECT_CONVERSION = YES_AGGRESSIVE;
				CLANG_CXX_LANGUAGE_STANDARD = "gnu++20";
				CLANG_ENABLE_MODULES = YES;
				CLANG_ENABLE_OBJC_ARC = YES;
				CLANG_ENABLE_OBJC_WEAK = YES;
				CLANG_WARN_BLOCK_CAPTURE_AUTORELEASING = YES;
				CLANG_WARN_BOOL_CONVERSION = YES;
				CLANG_WARN_COMMA = YES;
				CLANG_WARN_CONSTANT_CONVERSION = YES;
				CLANG_WARN_DEPRECATED_OBJC_IMPLEMENTATIONS = YES;
				CLANG_WARN_DIRECT_OBJC_ISA_USAGE = YES_ERROR;
				CLANG_WARN_DOCUMENTATION_COMMENTS = YES;
				CLANG_WARN_EMPTY_BODY = YES;
				CLANG_WARN_ENUM_CONVERSION = YES;
				CLANG_WARN_INFINITE_RECURSION = YES;
				CLANG_WARN_INT_CONVERSION = YES;
				CLANG_WARN_NON_LITERAL_NULL_CONVERSION = YES;
				CLANG_WARN_OBJC_IMPLICIT_RETAIN_SELF = YES;
				CLANG_WARN_OBJC_LITERAL_CONVERSION = YES;
				CLANG_WARN_OBJC_ROOT_CLASS = YES_ERROR;
				CLANG_WARN_QUOTED_INCLUDE_IN_FRAMEWORK_HEADER = YES;
				CLANG_WARN_RANGE_LOOP_ANALYSIS = YES;
				CLANG_WARN_STRICT_PROTOTYPES = YES;
				CLANG_WARN_SUSPICIOUS_MOVE = YES;
				CLANG_WARN_UNGUARDED_AVAILABILITY = YES_AGGRESSIVE;
				CLANG_WARN_UNREACHABLE_CODE = YES;
				CLANG_WARN__DUPLICATE_METHOD_MATCH = YES;
				COPY_PHASE_STRIP = NO;
				DEBUG_INFORMATION_FORMAT = "dwarf-with-dsym";
				ENABLE_NS_ASSERTIONS = NO;
				ENABLE_STRICT_OBJC_MSGSEND = YES;
				GCC_C_LANGUAGE_STANDARD = gnu11;
				GCC_NO_COMMON_BLOCKS = YES;
				GCC_WARN_64_TO_32_BIT_CONVERSION = YES;
				GCC_WARN_ABOUT_RETURN_TYPE = YES_ERROR;
				GCC_WARN_UNDECLARED_SELECTOR = YES;
				GCC_WARN_UNINITIALIZED_AUTOS = YES_AGGRESSIVE;
				GCC_WARN_UNUSED_FUNCTION = YES;
				GCC_WARN_UNUSED_VARIABLE = YES;
				IPHONEOS_DEPLOYMENT_TARGET = 16.0;
				MTL_ENABLE_DEBUG_INFO = NO;
				MTL_FAST_MATH = YES;
				SDKROOT = iphoneos;
				SWIFT_COMPILATION_MODE = wholemodule;
				SWIFT_OPTIMIZATION_LEVEL = "-O";
				VALIDATE_PRODUCT = YES;
			};
			name = Release;
		};
		CADDFDAF2A225A9500F8C9A6 /* Debug */ = {
			isa = XCBuildConfiguration;
			buildSettings = {
				ASSETCATALOG_COMPILER_APPICON_NAME = AppIcon;
				ASSETCATALOG_COMPILER_GLOBAL_ACCENT_COLOR_NAME = AccentColor;
				CODE_SIGN_STYLE = Automatic;
				CURRENT_PROJECT_VERSION = 1;
				DEVELOPMENT_TEAM = S3ZFXWB2M3;
				GENERATE_INFOPLIST_FILE = YES;
				INFOPLIST_FILE = RickAndMorty/Info.plist;
				INFOPLIST_KEY_UIApplicationSupportsIndirectInputEvents = YES;
				INFOPLIST_KEY_UILaunchStoryboardName = LaunchScreen;
				INFOPLIST_KEY_UISupportedInterfaceOrientations_iPad = "UIInterfaceOrientationPortrait UIInterfaceOrientationPortraitUpsideDown UIInterfaceOrientationLandscapeLeft UIInterfaceOrientationLandscapeRight";
				INFOPLIST_KEY_UISupportedInterfaceOrientations_iPhone = "UIInterfaceOrientationPortrait UIInterfaceOrientationLandscapeLeft UIInterfaceOrientationLandscapeRight";
				LD_RUNPATH_SEARCH_PATHS = (
					"$(inherited)",
					"@executable_path/Frameworks",
				);
				MARKETING_VERSION = 1.0;
				PRODUCT_BUNDLE_IDENTIFIER = com.yusufmertyildiz.RickAndMorty;
				PRODUCT_NAME = "$(TARGET_NAME)";
				SWIFT_EMIT_LOC_STRINGS = YES;
				SWIFT_VERSION = 5.0;
				TARGETED_DEVICE_FAMILY = "1,2";
			};
			name = Debug;
		};
		CADDFDB02A225A9500F8C9A6 /* Release */ = {
			isa = XCBuildConfiguration;
			buildSettings = {
				ASSETCATALOG_COMPILER_APPICON_NAME = AppIcon;
				ASSETCATALOG_COMPILER_GLOBAL_ACCENT_COLOR_NAME = AccentColor;
				CODE_SIGN_STYLE = Automatic;
				CURRENT_PROJECT_VERSION = 1;
				DEVELOPMENT_TEAM = S3ZFXWB2M3;
				GENERATE_INFOPLIST_FILE = YES;
				INFOPLIST_FILE = RickAndMorty/Info.plist;
				INFOPLIST_KEY_UIApplicationSupportsIndirectInputEvents = YES;
				INFOPLIST_KEY_UILaunchStoryboardName = LaunchScreen;
				INFOPLIST_KEY_UISupportedInterfaceOrientations_iPad = "UIInterfaceOrientationPortrait UIInterfaceOrientationPortraitUpsideDown UIInterfaceOrientationLandscapeLeft UIInterfaceOrientationLandscapeRight";
				INFOPLIST_KEY_UISupportedInterfaceOrientations_iPhone = "UIInterfaceOrientationPortrait UIInterfaceOrientationLandscapeLeft UIInterfaceOrientationLandscapeRight";
				LD_RUNPATH_SEARCH_PATHS = (
					"$(inherited)",
					"@executable_path/Frameworks",
				);
				MARKETING_VERSION = 1.0;
				PRODUCT_BUNDLE_IDENTIFIER = com.yusufmertyildiz.RickAndMorty;
				PRODUCT_NAME = "$(TARGET_NAME)";
				SWIFT_EMIT_LOC_STRINGS = YES;
				SWIFT_VERSION = 5.0;
				TARGETED_DEVICE_FAMILY = "1,2";
			};
			name = Release;
		};
/* End XCBuildConfiguration section */

/* Begin XCConfigurationList section */
		CADDFD952A225A9500F8C9A6 /* Build configuration list for PBXProject "RickAndMorty" */ = {
			isa = XCConfigurationList;
			buildConfigurations = (
				CADDFDAC2A225A9500F8C9A6 /* Debug */,
				CADDFDAD2A225A9500F8C9A6 /* Release */,
			);
			defaultConfigurationIsVisible = 0;
			defaultConfigurationName = Release;
		};
		CADDFDAE2A225A9500F8C9A6 /* Build configuration list for PBXNativeTarget "RickAndMorty" */ = {
			isa = XCConfigurationList;
			buildConfigurations = (
				CADDFDAF2A225A9500F8C9A6 /* Debug */,
				CADDFDB02A225A9500F8C9A6 /* Release */,
			);
			defaultConfigurationIsVisible = 0;
			defaultConfigurationName = Release;
		};
/* End XCConfigurationList section */
	};
	rootObject = CADDFD922A225A9500F8C9A6 /* Project object */;
}
